
Microsoft Visual Studio Solution File, Format Version 12.00
# Visual Studio 15
VisualStudioVersion = 15.0.28307.489
MinimumVisualStudioVersion = 10.0.40219.1
Project("{8BC9CEB8-8B4A-11D0-8D11-00A0C91BC942}") = "cpprestSdk_gettingStarted_", "cpprestSdk_gettingStarted_\cpprestSdk_gettingStarted_.vcxproj", "{40EE98A0-74E3-4066-A25D-8071C2BCEBBC}"
EndProject
Global
	GlobalSection(SolutionConfigurationPlatforms) = preSolution
		Debug|x64 = Debug|x64
		Debug|x86 = Debug|x86
		Release|x64 = Release|x64
		Release|x86 = Release|x86
	EndGlobalSection
	GlobalSection(ProjectConfigurationPlatforms) = postSolution
		{40EE98A0-74E3-4066-A25D-8071C2BCEBBC}.Debug|x64.ActiveCfg = Debug|x64
		{40EE98A0-74E3-4066-A25D-8071C2BCEBBC}.Debug|x64.Build.0 = Debug|x64
		{40EE98A0-74E3-4066-A25D-8071C2BCEBBC}.Debug|x86.ActiveCfg = Debug|Win32
		{40EE98A0-74E3-4066-A25D-8071C2BCEBBC}.Debug|x86.Build.0 = Debug|Win32
		{40EE98A0-74E3-4066-A25D-8071C2BCEBBC}.Release|x64.ActiveCfg = Release|x64
		{40EE98A0-74E3-4066-A25D-8071C2BCEBBC}.Release|x64.Build.0 = Release|x64
		{40EE98A0-74E3-4066-A25D-8071C2BCEBBC}.Release|x86.ActiveCfg = Release|Win32
		{40EE98A0-74E3-4066-A25D-8071C2BCEBBC}.Release|x86.Build.0 = Release|Win32
	EndGlobalSection
	GlobalSection(SolutionProperties) = preSolution
		HideSolutionNode = FALSE
	EndGlobalSection
	GlobalSection(ExtensibilityGlobals) = postSolution
		SolutionGuid = {9987FB50-10DC-408D-9DCB-E6212696DAED}
	EndGlobalSection
EndGlobal
